
Microsoft Visual Studio Solution File, Format Version 12.00
# Visual Studio Version 17
VisualStudioVersion = 17.14.36414.22 d17.14
MinimumVisualStudioVersion = 10.0.40219.1
Project("{FAE04EC0-301F-11D3-BF4B-00C04F79EFBC}") = "cây thông", "cây thông\cây thông.csproj", "{59EF7A45-6D4F-4423-8150-AB02352A459A}"
EndProject
Global
	GlobalSection(SolutionConfigurationPlatforms) = preSolution
		Debug|Any CPU = Debug|Any CPU
		Release|Any CPU = Release|Any CPU
	EndGlobalSection
	GlobalSection(ProjectConfigurationPlatforms) = postSolution
		{59EF7A45-6D4F-4423-8150-AB02352A459A}.Debug|Any CPU.ActiveCfg = Debug|Any CPU
		{59EF7A45-6D4F-4423-8150-AB02352A459A}.Debug|Any CPU.Build.0 = Debug|Any CPU
		{59EF7A45-6D4F-4423-8150-AB02352A459A}.Release|Any CPU.ActiveCfg = Release|Any CPU
		{59EF7A45-6D4F-4423-8150-AB02352A459A}.Release|Any CPU.Build.0 = Release|Any CPU
	EndGlobalSection
	GlobalSection(SolutionProperties) = preSolution
		HideSolutionNode = FALSE
	EndGlobalSection
	GlobalSection(ExtensibilityGlobals) = postSolution
		SolutionGuid = {1F92F4AF-9017-4982-BC58-CBF39A32EC72}
	EndGlobalSection
EndGlobal
